// !$*UTF8*$!
{
	archiveVersion = 1;
	classes = {
	};
	objectVersion = 46;
	objects = {

/* Begin PBXBuildFile section */
		9F16CDE31D75DC2A00FF29D0 /* NotificationCenter.framework in Frameworks */ = {isa = PBXBuildFile; fileRef = 9F16CDE21D75DC2A00FF29D0 /* NotificationCenter.framework */; };
		9F16CDE61D75DC2A00FF29D0 /* TodayViewController.swift in Sources */ = {isa = PBXBuildFile; fileRef = 9F16CDE51D75DC2A00FF29D0 /* TodayViewController.swift */; };
		9F16CDE91D75DC2A00FF29D0 /* MainInterface.storyboard in Resources */ = {isa = PBXBuildFile; fileRef = 9F16CDE71D75DC2A00FF29D0 /* MainInterface.storyboard */; };
		9F16CDED1D75DC2A00FF29D0 /* CleanUrLungsTodayView.appex in Embed App Extensions */ = {isa = PBXBuildFile; fileRef = 9F16CDE11D75DC2A00FF29D0 /* CleanUrLungsTodayView.appex */; settings = {ATTRIBUTES = (RemoveHeadersOnCopy, ); }; };
		9F17594A1BFA67E400BAC8EE /* main.m in Sources */ = {isa = PBXBuildFile; fileRef = 9F1759491BFA67E400BAC8EE /* main.m */; };
		9F17594D1BFA67E400BAC8EE /* AppDelegate.m in Sources */ = {isa = PBXBuildFile; fileRef = 9F17594C1BFA67E400BAC8EE /* AppDelegate.m */; };
		9F1759501BFA67E400BAC8EE /* ViewController.m in Sources */ = {isa = PBXBuildFile; fileRef = 9F17594F1BFA67E400BAC8EE /* ViewController.m */; };
		9F1759531BFA67E400BAC8EE /* Main.storyboard in Resources */ = {isa = PBXBuildFile; fileRef = 9F1759511BFA67E400BAC8EE /* Main.storyboard */; };
		9F1759561BFA67E400BAC8EE /* CleanUrLungs.xcdatamodeld in Sources */ = {isa = PBXBuildFile; fileRef = 9F1759541BFA67E400BAC8EE /* CleanUrLungs.xcdatamodeld */; };
		9F1759581BFA67E400BAC8EE /* Assets.xcassets in Resources */ = {isa = PBXBuildFile; fileRef = 9F1759571BFA67E400BAC8EE /* Assets.xcassets */; };
		9F17595B1BFA67E400BAC8EE /* LaunchScreen.storyboard in Resources */ = {isa = PBXBuildFile; fileRef = 9F1759591BFA67E400BAC8EE /* LaunchScreen.storyboard */; };
		9F1759661BFA67E400BAC8EE /* CleanUrLungsTests.m in Sources */ = {isa = PBXBuildFile; fileRef = 9F1759651BFA67E400BAC8EE /* CleanUrLungsTests.m */; };
		9F1759711BFA67E400BAC8EE /* CleanUrLungsUITests.m in Sources */ = {isa = PBXBuildFile; fileRef = 9F1759701BFA67E400BAC8EE /* CleanUrLungsUITests.m */; };
		9F2B92681CAF2111009CDBA9 /* calendar-7.png in Resources */ = {isa = PBXBuildFile; fileRef = 9F2B92671CAF2111009CDBA9 /* calendar-7.png */; };
		9F43251D1BFB82DF002418E6 /* CalendarViewController.m in Sources */ = {isa = PBXBuildFile; fileRef = 9F43251C1BFB82DF002418E6 /* CalendarViewController.m */; };
		9F6624B51CB451CD00581DA1 /* spanner.png in Resources */ = {isa = PBXBuildFile; fileRef = 9F6624B41CB451CD00581DA1 /* spanner.png */; };
		9F6624BE1CB4544200581DA1 /* SettingsViewController.m in Sources */ = {isa = PBXBuildFile; fileRef = 9F6624BD1CB4544200581DA1 /* SettingsViewController.m */; };
		9FDB2C181C56BF0D0056BBC7 /* Day.m in Sources */ = {isa = PBXBuildFile; fileRef = 9FDB2C171C56BF0D0056BBC7 /* Day.m */; };
		E172AF1AF66A4A3A20D81C5D /* libPods-CleanUrLungs.a in Frameworks */ = {isa = PBXBuildFile; fileRef = F084A59427EABB1866A3F764 /* libPods-CleanUrLungs.a */; };
/* End PBXBuildFile section */

/* Begin PBXContainerItemProxy section */
		9F16CDEB1D75DC2A00FF29D0 /* PBXContainerItemProxy */ = {
			isa = PBXContainerItemProxy;
			containerPortal = 9F17593D1BFA67E400BAC8EE /* Project object */;
			proxyType = 1;
			remoteGlobalIDString = 9F16CDE01D75DC2A00FF29D0;
			remoteInfo = CleanUrLungsTodayView;
		};
		9F1759621BFA67E400BAC8EE /* PBXContainerItemProxy */ = {
			isa = PBXContainerItemProxy;
			containerPortal = 9F17593D1BFA67E400BAC8EE /* Project object */;
			proxyType = 1;
			remoteGlobalIDString = 9F1759441BFA67E400BAC8EE;
			remoteInfo = CleanUrLungs;
		};
		9F17596D1BFA67E400BAC8EE /* PBXContainerItemProxy */ = {
			isa = PBXContainerItemProxy;
			containerPortal = 9F17593D1BFA67E400BAC8EE /* Project object */;
			proxyType = 1;
			remoteGlobalIDString = 9F1759441BFA67E400BAC8EE;
			remoteInfo = CleanUrLungs;
		};
/* End PBXContainerItemProxy section */

/* Begin PBXCopyFilesBuildPhase section */
		9F16CDF11D75DC2A00FF29D0 /* Embed App Extensions */ = {
			isa = PBXCopyFilesBuildPhase;
			buildActionMask = 2147483647;
			dstPath = "";
			dstSubfolderSpec = 13;
			files = (
				9F16CDED1D75DC2A00FF29D0 /* CleanUrLungsTodayView.appex in Embed App Extensions */,
			);
			name = "Embed App Extensions";
			runOnlyForDeploymentPostprocessing = 0;
		};
/* End PBXCopyFilesBuildPhase section */

/* Begin PBXFileReference section */
		488BD529CF2FC56C6915B094 /* Pods-CleanUrLungs.release.xcconfig */ = {isa = PBXFileReference; includeInIndex = 1; lastKnownFileType = text.xcconfig; name = "Pods-CleanUrLungs.release.xcconfig"; path = "Pods/Target Support Files/Pods-CleanUrLungs/Pods-CleanUrLungs.release.xcconfig"; sourceTree = "<group>"; };
		82AA8896B5144253291B0359 /* Pods-CleanUrLungs.debug.xcconfig */ = {isa = PBXFileReference; includeInIndex = 1; lastKnownFileType = text.xcconfig; name = "Pods-CleanUrLungs.debug.xcconfig"; path = "Pods/Target Support Files/Pods-CleanUrLungs/Pods-CleanUrLungs.debug.xcconfig"; sourceTree = "<group>"; };
		9F16CDE11D75DC2A00FF29D0 /* CleanUrLungsTodayView.appex */ = {isa = PBXFileReference; explicitFileType = "wrapper.app-extension"; includeInIndex = 0; path = CleanUrLungsTodayView.appex; sourceTree = BUILT_PRODUCTS_DIR; };
		9F16CDE21D75DC2A00FF29D0 /* NotificationCenter.framework */ = {isa = PBXFileReference; lastKnownFileType = wrapper.framework; name = NotificationCenter.framework; path = System/Library/Frameworks/NotificationCenter.framework; sourceTree = SDKROOT; };
		9F16CDE51D75DC2A00FF29D0 /* TodayViewController.swift */ = {isa = PBXFileReference; lastKnownFileType = sourcecode.swift; path = TodayViewController.swift; sourceTree = "<group>"; };
		9F16CDE81D75DC2A00FF29D0 /* Base */ = {isa = PBXFileReference; lastKnownFileType = file.storyboard; name = Base; path = Base.lproj/MainInterface.storyboard; sourceTree = "<group>"; };
		9F16CDEA1D75DC2A00FF29D0 /* Info.plist */ = {isa = PBXFileReference; lastKnownFileType = text.plist.xml; path = Info.plist; sourceTree = "<group>"; };
		9F16CDF21D75E15200FF29D0 /* CleanUrLungs.entitlements */ = {isa = PBXFileReference; lastKnownFileType = text.xml; path = CleanUrLungs.entitlements; sourceTree = "<group>"; };
		9F16CDF31D75E1D400FF29D0 /* CleanUrLungsTodayView.entitlements */ = {isa = PBXFileReference; lastKnownFileType = text.xml; path = CleanUrLungsTodayView.entitlements; sourceTree = "<group>"; };
		9F1759451BFA67E400BAC8EE /* CleanUrLungs.app */ = {isa = PBXFileReference; explicitFileType = wrapper.application; includeInIndex = 0; path = CleanUrLungs.app; sourceTree = BUILT_PRODUCTS_DIR; };
		9F1759491BFA67E400BAC8EE /* main.m */ = {isa = PBXFileReference; lastKnownFileType = sourcecode.c.objc; path = main.m; sourceTree = "<group>"; };
		9F17594B1BFA67E400BAC8EE /* AppDelegate.h */ = {isa = PBXFileReference; lastKnownFileType = sourcecode.c.h; path = AppDelegate.h; sourceTree = "<group>"; };
		9F17594C1BFA67E400BAC8EE /* AppDelegate.m */ = {isa = PBXFileReference; lastKnownFileType = sourcecode.c.objc; path = AppDelegate.m; sourceTree = "<group>"; };
		9F17594E1BFA67E400BAC8EE /* ViewController.h */ = {isa = PBXFileReference; lastKnownFileType = sourcecode.c.h; path = ViewController.h; sourceTree = "<group>"; };
		9F17594F1BFA67E400BAC8EE /* ViewController.m */ = {isa = PBXFileReference; lastKnownFileType = sourcecode.c.objc; path = ViewController.m; sourceTree = "<group>"; };
		9F1759521BFA67E400BAC8EE /* Base */ = {isa = PBXFileReference; lastKnownFileType = file.storyboard; name = Base; path = Base.lproj/Main.storyboard; sourceTree = "<group>"; };
		9F1759551BFA67E400BAC8EE /* CleanUrLungs.xcdatamodel */ = {isa = PBXFileReference; lastKnownFileType = wrapper.xcdatamodel; path = CleanUrLungs.xcdatamodel; sourceTree = "<group>"; };
		9F1759571BFA67E400BAC8EE /* Assets.xcassets */ = {isa = PBXFileReference; lastKnownFileType = folder.assetcatalog; path = Assets.xcassets; sourceTree = "<group>"; };
		9F17595A1BFA67E400BAC8EE /* Base */ = {isa = PBXFileReference; lastKnownFileType = file.storyboard; name = Base; path = Base.lproj/LaunchScreen.storyboard; sourceTree = "<group>"; };
		9F17595C1BFA67E400BAC8EE /* Info.plist */ = {isa = PBXFileReference; lastKnownFileType = text.plist.xml; path = Info.plist; sourceTree = "<group>"; };
		9F1759611BFA67E400BAC8EE /* CleanUrLungsTests.xctest */ = {isa = PBXFileReference; explicitFileType = wrapper.cfbundle; includeInIndex = 0; path = CleanUrLungsTests.xctest; sourceTree = BUILT_PRODUCTS_DIR; };
		9F1759651BFA67E400BAC8EE /* CleanUrLungsTests.m */ = {isa = PBXFileReference; lastKnownFileType = sourcecode.c.objc; path = CleanUrLungsTests.m; sourceTree = "<group>"; };
		9F1759671BFA67E400BAC8EE /* Info.plist */ = {isa = PBXFileReference; lastKnownFileType = text.plist.xml; path = Info.plist; sourceTree = "<group>"; };
		9F17596C1BFA67E400BAC8EE /* CleanUrLungsUITests.xctest */ = {isa = PBXFileReference; explicitFileType = wrapper.cfbundle; includeInIndex = 0; path = CleanUrLungsUITests.xctest; sourceTree = BUILT_PRODUCTS_DIR; };
		9F1759701BFA67E400BAC8EE /* CleanUrLungsUITests.m */ = {isa = PBXFileReference; lastKnownFileType = sourcecode.c.objc; path = CleanUrLungsUITests.m; sourceTree = "<group>"; };
		9F1759721BFA67E400BAC8EE /* Info.plist */ = {isa = PBXFileReference; lastKnownFileType = text.plist.xml; path = Info.plist; sourceTree = "<group>"; };
		9F2B92671CAF2111009CDBA9 /* calendar-7.png */ = {isa = PBXFileReference; lastKnownFileType = image.png; path = "calendar-7.png"; sourceTree = "<group>"; };
		9F43251B1BFB82DF002418E6 /* CalendarViewController.h */ = {isa = PBXFileReference; fileEncoding = 4; lastKnownFileType = sourcecode.c.h; path = CalendarViewController.h; sourceTree = "<group>"; };
		9F43251C1BFB82DF002418E6 /* CalendarViewController.m */ = {isa = PBXFileReference; fileEncoding = 4; lastKnownFileType = sourcecode.c.objc; path = CalendarViewController.m; sourceTree = "<group>"; };
		9F6624B41CB451CD00581DA1 /* spanner.png */ = {isa = PBXFileReference; lastKnownFileType = image.png; path = spanner.png; sourceTree = "<group>"; };
		9F6624BC1CB4544200581DA1 /* SettingsViewController.h */ = {isa = PBXFileReference; fileEncoding = 4; lastKnownFileType = sourcecode.c.h; path = SettingsViewController.h; sourceTree = "<group>"; };
		9F6624BD1CB4544200581DA1 /* SettingsViewController.m */ = {isa = PBXFileReference; fileEncoding = 4; lastKnownFileType = sourcecode.c.objc; path = SettingsViewController.m; sourceTree = "<group>"; };
		9FDB2C161C56BF0D0056BBC7 /* Day.h */ = {isa = PBXFileReference; fileEncoding = 4; lastKnownFileType = sourcecode.c.h; path = Day.h; sourceTree = "<group>"; };
		9FDB2C171C56BF0D0056BBC7 /* Day.m */ = {isa = PBXFileReference; fileEncoding = 4; lastKnownFileType = sourcecode.c.objc; path = Day.m; sourceTree = "<group>"; };
		F084A59427EABB1866A3F764 /* libPods-CleanUrLungs.a */ = {isa = PBXFileReference; explicitFileType = archive.ar; includeInIndex = 0; path = "libPods-CleanUrLungs.a"; sourceTree = BUILT_PRODUCTS_DIR; };
/* End PBXFileReference section */

/* Begin PBXFrameworksBuildPhase section */
		9F16CDDE1D75DC2A00FF29D0 /* Frameworks */ = {
			isa = PBXFrameworksBuildPhase;
			buildActionMask = 2147483647;
			files = (
				9F16CDE31D75DC2A00FF29D0 /* NotificationCenter.framework in Frameworks */,
			);
			runOnlyForDeploymentPostprocessing = 0;
		};
		9F1759421BFA67E400BAC8EE /* Frameworks */ = {
			isa = PBXFrameworksBuildPhase;
			buildActionMask = 2147483647;
			files = (
				E172AF1AF66A4A3A20D81C5D /* libPods-CleanUrLungs.a in Frameworks */,
			);
			runOnlyForDeploymentPostprocessing = 0;
		};
		9F17595E1BFA67E400BAC8EE /* Frameworks */ = {
			isa = PBXFrameworksBuildPhase;
			buildActionMask = 2147483647;
			files = (
			);
			runOnlyForDeploymentPostprocessing = 0;
		};
		9F1759691BFA67E400BAC8EE /* Frameworks */ = {
			isa = PBXFrameworksBuildPhase;
			buildActionMask = 2147483647;
			files = (
			);
			runOnlyForDeploymentPostprocessing = 0;
		};
/* End PBXFrameworksBuildPhase section */

/* Begin PBXGroup section */
		9F16CDE41D75DC2A00FF29D0 /* CleanUrLungsTodayView */ = {
			isa = PBXGroup;
			children = (
				9F16CDF31D75E1D400FF29D0 /* CleanUrLungsTodayView.entitlements */,
				9F16CDE51D75DC2A00FF29D0 /* TodayViewController.swift */,
				9F16CDE71D75DC2A00FF29D0 /* MainInterface.storyboard */,
				9F16CDEA1D75DC2A00FF29D0 /* Info.plist */,
			);
			path = CleanUrLungsTodayView;
			sourceTree = "<group>";
		};
		9F17593C1BFA67E400BAC8EE = {
			isa = PBXGroup;
			children = (
				9F1759471BFA67E400BAC8EE /* CleanUrLungs */,
				9F1759641BFA67E400BAC8EE /* CleanUrLungsTests */,
				9F17596F1BFA67E400BAC8EE /* CleanUrLungsUITests */,
				9F16CDE41D75DC2A00FF29D0 /* CleanUrLungsTodayView */,
				9F1759461BFA67E400BAC8EE /* Products */,
				C7032AFAB487BF16903753A1 /* Pods */,
				D0171C7062DC7CA0F4579389 /* Frameworks */,
			);
			sourceTree = "<group>";
		};
		9F1759461BFA67E400BAC8EE /* Products */ = {
			isa = PBXGroup;
			children = (
				9F1759451BFA67E400BAC8EE /* CleanUrLungs.app */,
				9F1759611BFA67E400BAC8EE /* CleanUrLungsTests.xctest */,
				9F17596C1BFA67E400BAC8EE /* CleanUrLungsUITests.xctest */,
				9F16CDE11D75DC2A00FF29D0 /* CleanUrLungsTodayView.appex */,
			);
			name = Products;
			sourceTree = "<group>";
		};
		9F1759471BFA67E400BAC8EE /* CleanUrLungs */ = {
			isa = PBXGroup;
			children = (
				9F16CDF21D75E15200FF29D0 /* CleanUrLungs.entitlements */,
				9F17594B1BFA67E400BAC8EE /* AppDelegate.h */,
				9F17594C1BFA67E400BAC8EE /* AppDelegate.m */,
				9FDB2C191C56BF140056BBC7 /* Model */,
				9F43251E1BFBAFF9002418E6 /* Controller */,
				9F43251F1BFBB01F002418E6 /* View */,
				9F1759481BFA67E400BAC8EE /* Supporting Files */,
				9F2B92691CAF21A8009CDBA9 /* Images */,
			);
			path = CleanUrLungs;
			sourceTree = "<group>";
		};
		9F1759481BFA67E400BAC8EE /* Supporting Files */ = {
			isa = PBXGroup;
			children = (
				9F17595C1BFA67E400BAC8EE /* Info.plist */,
				9F1759541BFA67E400BAC8EE /* CleanUrLungs.xcdatamodeld */,
				9F1759491BFA67E400BAC8EE /* main.m */,
			);
			name = "Supporting Files";
			sourceTree = "<group>";
		};
		9F1759641BFA67E400BAC8EE /* CleanUrLungsTests */ = {
			isa = PBXGroup;
			children = (
				9F1759651BFA67E400BAC8EE /* CleanUrLungsTests.m */,
				9F1759671BFA67E400BAC8EE /* Info.plist */,
			);
			path = CleanUrLungsTests;
			sourceTree = "<group>";
		};
		9F17596F1BFA67E400BAC8EE /* CleanUrLungsUITests */ = {
			isa = PBXGroup;
			children = (
				9F1759701BFA67E400BAC8EE /* CleanUrLungsUITests.m */,
				9F1759721BFA67E400BAC8EE /* Info.plist */,
			);
			path = CleanUrLungsUITests;
			sourceTree = "<group>";
		};
		9F2B92691CAF21A8009CDBA9 /* Images */ = {
			isa = PBXGroup;
			children = (
				9F6624B41CB451CD00581DA1 /* spanner.png */,
				9F2B92671CAF2111009CDBA9 /* calendar-7.png */,
			);
			name = Images;
			sourceTree = "<group>";
		};
		9F43251E1BFBAFF9002418E6 /* Controller */ = {
			isa = PBXGroup;
			children = (
				9F17594E1BFA67E400BAC8EE /* ViewController.h */,
				9F17594F1BFA67E400BAC8EE /* ViewController.m */,
				9F43251B1BFB82DF002418E6 /* CalendarViewController.h */,
				9F43251C1BFB82DF002418E6 /* CalendarViewController.m */,
				9F6624BC1CB4544200581DA1 /* SettingsViewController.h */,
				9F6624BD1CB4544200581DA1 /* SettingsViewController.m */,
			);
			name = Controller;
			sourceTree = "<group>";
		};
		9F43251F1BFBB01F002418E6 /* View */ = {
			isa = PBXGroup;
			children = (
				9F1759511BFA67E400BAC8EE /* Main.storyboard */,
				9F1759591BFA67E400BAC8EE /* LaunchScreen.storyboard */,
				9F1759571BFA67E400BAC8EE /* Assets.xcassets */,
			);
			name = View;
			sourceTree = "<group>";
		};
		9FDB2C191C56BF140056BBC7 /* Model */ = {
			isa = PBXGroup;
			children = (
				9FDB2C161C56BF0D0056BBC7 /* Day.h */,
				9FDB2C171C56BF0D0056BBC7 /* Day.m */,
			);
			name = Model;
			sourceTree = "<group>";
		};
		C7032AFAB487BF16903753A1 /* Pods */ = {
			isa = PBXGroup;
			children = (
				82AA8896B5144253291B0359 /* Pods-CleanUrLungs.debug.xcconfig */,
				488BD529CF2FC56C6915B094 /* Pods-CleanUrLungs.release.xcconfig */,
			);
			name = Pods;
			sourceTree = "<group>";
		};
		D0171C7062DC7CA0F4579389 /* Frameworks */ = {
			isa = PBXGroup;
			children = (
				F084A59427EABB1866A3F764 /* libPods-CleanUrLungs.a */,
				9F16CDE21D75DC2A00FF29D0 /* NotificationCenter.framework */,
			);
			name = Frameworks;
			sourceTree = "<group>";
		};
/* End PBXGroup section */

/* Begin PBXNativeTarget section */
		9F16CDE01D75DC2A00FF29D0 /* CleanUrLungsTodayView */ = {
			isa = PBXNativeTarget;
			buildConfigurationList = 9F16CDF01D75DC2A00FF29D0 /* Build configuration list for PBXNativeTarget "CleanUrLungsTodayView" */;
			buildPhases = (
				9F16CDDD1D75DC2A00FF29D0 /* Sources */,
				9F16CDDE1D75DC2A00FF29D0 /* Frameworks */,
				9F16CDDF1D75DC2A00FF29D0 /* Resources */,
			);
			buildRules = (
			);
			dependencies = (
			);
			name = CleanUrLungsTodayView;
			productName = CleanUrLungsTodayView;
			productReference = 9F16CDE11D75DC2A00FF29D0 /* CleanUrLungsTodayView.appex */;
			productType = "com.apple.product-type.app-extension";
		};
		9F1759441BFA67E400BAC8EE /* CleanUrLungs */ = {
			isa = PBXNativeTarget;
			buildConfigurationList = 9F1759751BFA67E400BAC8EE /* Build configuration list for PBXNativeTarget "CleanUrLungs" */;
			buildPhases = (
				3E36AB0E7683B88988F01F76 /* Check Pods Manifest.lock */,
				9F1759411BFA67E400BAC8EE /* Sources */,
				9F1759421BFA67E400BAC8EE /* Frameworks */,
				9F1759431BFA67E400BAC8EE /* Resources */,
				3F97C1043ED6FCF0DD14BDFC /* Copy Pods Resources */,
				9F16CDF11D75DC2A00FF29D0 /* Embed App Extensions */,
			);
			buildRules = (
			);
			dependencies = (
				9F16CDEC1D75DC2A00FF29D0 /* PBXTargetDependency */,
			);
			name = CleanUrLungs;
			productName = CleanUrLungs;
			productReference = 9F1759451BFA67E400BAC8EE /* CleanUrLungs.app */;
			productType = "com.apple.product-type.application";
		};
		9F1759601BFA67E400BAC8EE /* CleanUrLungsTests */ = {
			isa = PBXNativeTarget;
			buildConfigurationList = 9F1759781BFA67E400BAC8EE /* Build configuration list for PBXNativeTarget "CleanUrLungsTests" */;
			buildPhases = (
				9F17595D1BFA67E400BAC8EE /* Sources */,
				9F17595E1BFA67E400BAC8EE /* Frameworks */,
				9F17595F1BFA67E400BAC8EE /* Resources */,
			);
			buildRules = (
			);
			dependencies = (
				9F1759631BFA67E400BAC8EE /* PBXTargetDependency */,
			);
			name = CleanUrLungsTests;
			productName = CleanUrLungsTests;
			productReference = 9F1759611BFA67E400BAC8EE /* CleanUrLungsTests.xctest */;
			productType = "com.apple.product-type.bundle.unit-test";
		};
		9F17596B1BFA67E400BAC8EE /* CleanUrLungsUITests */ = {
			isa = PBXNativeTarget;
			buildConfigurationList = 9F17597B1BFA67E400BAC8EE /* Build configuration list for PBXNativeTarget "CleanUrLungsUITests" */;
			buildPhases = (
				9F1759681BFA67E400BAC8EE /* Sources */,
				9F1759691BFA67E400BAC8EE /* Frameworks */,
				9F17596A1BFA67E400BAC8EE /* Resources */,
			);
			buildRules = (
			);
			dependencies = (
				9F17596E1BFA67E400BAC8EE /* PBXTargetDependency */,
			);
			name = CleanUrLungsUITests;
			productName = CleanUrLungsUITests;
			productReference = 9F17596C1BFA67E400BAC8EE /* CleanUrLungsUITests.xctest */;
			productType = "com.apple.product-type.bundle.ui-testing";
		};
/* End PBXNativeTarget section */

/* Begin PBXProject section */
		9F17593D1BFA67E400BAC8EE /* Project object */ = {
			isa = PBXProject;
			attributes = {
				LastSwiftUpdateCheck = 0730;
				LastUpgradeCheck = 0800;
				ORGANIZATIONNAME = "Thomas Prezioso";
				TargetAttributes = {
					9F16CDE01D75DC2A00FF29D0 = {
						CreatedOnToolsVersion = 7.3.1;
						DevelopmentTeam = 6JBM5ZNF6C;
						LastSwiftMigration = 0800;
						SystemCapabilities = {
							com.apple.ApplicationGroups.iOS = {
								enabled = 1;
							};
						};
					};
					9F1759441BFA67E400BAC8EE = {
						CreatedOnToolsVersion = 7.1.1;
						DevelopmentTeam = 6JBM5ZNF6C;
						LastSwiftMigration = 0800;
						SystemCapabilities = {
							com.apple.ApplicationGroups.iOS = {
								enabled = 1;
							};
							com.apple.BackgroundModes = {
								enabled = 1;
							};
						};
					};
					9F1759601BFA67E400BAC8EE = {
						CreatedOnToolsVersion = 7.1.1;
						TestTargetID = 9F1759441BFA67E400BAC8EE;
					};
					9F17596B1BFA67E400BAC8EE = {
						CreatedOnToolsVersion = 7.1.1;
						TestTargetID = 9F1759441BFA67E400BAC8EE;
					};
				};
			};
			buildConfigurationList = 9F1759401BFA67E400BAC8EE /* Build configuration list for PBXProject "CleanUrLungs" */;
			compatibilityVersion = "Xcode 3.2";
			developmentRegion = English;
			hasScannedForEncodings = 0;
			knownRegions = (
				en,
				Base,
			);
			mainGroup = 9F17593C1BFA67E400BAC8EE;
			productRefGroup = 9F1759461BFA67E400BAC8EE /* Products */;
			projectDirPath = "";
			projectRoot = "";
			targets = (
				9F1759441BFA67E400BAC8EE /* CleanUrLungs */,
				9F1759601BFA67E400BAC8EE /* CleanUrLungsTests */,
				9F17596B1BFA67E400BAC8EE /* CleanUrLungsUITests */,
				9F16CDE01D75DC2A00FF29D0 /* CleanUrLungsTodayView */,
			);
		};
/* End PBXProject section */

/* Begin PBXResourcesBuildPhase section */
		9F16CDDF1D75DC2A00FF29D0 /* Resources */ = {
			isa = PBXResourcesBuildPhase;
			buildActionMask = 2147483647;
			files = (
				9F16CDE91D75DC2A00FF29D0 /* MainInterface.storyboard in Resources */,
			);
			runOnlyForDeploymentPostprocessing = 0;
		};
		9F1759431BFA67E400BAC8EE /* Resources */ = {
			isa = PBXResourcesBuildPhase;
			buildActionMask = 2147483647;
			files = (
				9F17595B1BFA67E400BAC8EE /* LaunchScreen.storyboard in Resources */,
				9F6624B51CB451CD00581DA1 /* spanner.png in Resources */,
				9F1759581BFA67E400BAC8EE /* Assets.xcassets in Resources */,
				9F1759531BFA67E400BAC8EE /* Main.storyboard in Resources */,
				9F2B92681CAF2111009CDBA9 /* calendar-7.png in Resources */,
			);
			runOnlyForDeploymentPostprocessing = 0;
		};
		9F17595F1BFA67E400BAC8EE /* Resources */ = {
			isa = PBXResourcesBuildPhase;
			buildActionMask = 2147483647;
			files = (
			);
			runOnlyForDeploymentPostprocessing = 0;
		};
		9F17596A1BFA67E400BAC8EE /* Resources */ = {
			isa = PBXResourcesBuildPhase;
			buildActionMask = 2147483647;
			files = (
			);
			runOnlyForDeploymentPostprocessing = 0;
		};
/* End PBXResourcesBuildPhase section */

/* Begin PBXShellScriptBuildPhase section */
		3E36AB0E7683B88988F01F76 /* Check Pods Manifest.lock */ = {
			isa = PBXShellScriptBuildPhase;
			buildActionMask = 2147483647;
			files = (
			);
			inputPaths = (
			);
			name = "Check Pods Manifest.lock";
			outputPaths = (
			);
			runOnlyForDeploymentPostprocessing = 0;
			shellPath = /bin/sh;
			shellScript = "diff \"${PODS_ROOT}/../Podfile.lock\" \"${PODS_ROOT}/Manifest.lock\" > /dev/null\nif [[ $? != 0 ]] ; then\n    cat << EOM\nerror: The sandbox is not in sync with the Podfile.lock. Run 'pod install' or update your CocoaPods installation.\nEOM\n    exit 1\nfi\n";
			showEnvVarsInLog = 0;
		};
		3F97C1043ED6FCF0DD14BDFC /* Copy Pods Resources */ = {
			isa = PBXShellScriptBuildPhase;
			buildActionMask = 2147483647;
			files = (
			);
			inputPaths = (
			);
			name = "Copy Pods Resources";
			outputPaths = (
			);
			runOnlyForDeploymentPostprocessing = 0;
			shellPath = /bin/sh;
			shellScript = "\"${SRCROOT}/Pods/Target Support Files/Pods-CleanUrLungs/Pods-CleanUrLungs-resources.sh\"\n";
			showEnvVarsInLog = 0;
		};
/* End PBXShellScriptBuildPhase section */

/* Begin PBXSourcesBuildPhase section */
		9F16CDDD1D75DC2A00FF29D0 /* Sources */ = {
			isa = PBXSourcesBuildPhase;
			buildActionMask = 2147483647;
			files = (
				9F16CDE61D75DC2A00FF29D0 /* TodayViewController.swift in Sources */,
			);
			runOnlyForDeploymentPostprocessing = 0;
		};
		9F1759411BFA67E400BAC8EE /* Sources */ = {
			isa = PBXSourcesBuildPhase;
			buildActionMask = 2147483647;
			files = (
				9FDB2C181C56BF0D0056BBC7 /* Day.m in Sources */,
				9F1759561BFA67E400BAC8EE /* CleanUrLungs.xcdatamodeld in Sources */,
				9F1759501BFA67E400BAC8EE /* ViewController.m in Sources */,
				9F6624BE1CB4544200581DA1 /* SettingsViewController.m in Sources */,
				9F17594D1BFA67E400BAC8EE /* AppDelegate.m in Sources */,
				9F43251D1BFB82DF002418E6 /* CalendarViewController.m in Sources */,
				9F17594A1BFA67E400BAC8EE /* main.m in Sources */,
			);
			runOnlyForDeploymentPostprocessing = 0;
		};
		9F17595D1BFA67E400BAC8EE /* Sources */ = {
			isa = PBXSourcesBuildPhase;
			buildActionMask = 2147483647;
			files = (
				9F1759661BFA67E400BAC8EE /* CleanUrLungsTests.m in Sources */,
			);
			runOnlyForDeploymentPostprocessing = 0;
		};
		9F1759681BFA67E400BAC8EE /* Sources */ = {
			isa = PBXSourcesBuildPhase;
			buildActionMask = 2147483647;
			files = (
				9F1759711BFA67E400BAC8EE /* CleanUrLungsUITests.m in Sources */,
			);
			runOnlyForDeploymentPostprocessing = 0;
		};
/* End PBXSourcesBuildPhase section */

/* Begin PBXTargetDependency section */
		9F16CDEC1D75DC2A00FF29D0 /* PBXTargetDependency */ = {
			isa = PBXTargetDependency;
			target = 9F16CDE01D75DC2A00FF29D0 /* CleanUrLungsTodayView */;
			targetProxy = 9F16CDEB1D75DC2A00FF29D0 /* PBXContainerItemProxy */;
		};
		9F1759631BFA67E400BAC8EE /* PBXTargetDependency */ = {
			isa = PBXTargetDependency;
			target = 9F1759441BFA67E400BAC8EE /* CleanUrLungs */;
			targetProxy = 9F1759621BFA67E400BAC8EE /* PBXContainerItemProxy */;
		};
		9F17596E1BFA67E400BAC8EE /* PBXTargetDependency */ = {
			isa = PBXTargetDependency;
			target = 9F1759441BFA67E400BAC8EE /* CleanUrLungs */;
			targetProxy = 9F17596D1BFA67E400BAC8EE /* PBXContainerItemProxy */;
		};
/* End PBXTargetDependency section */

/* Begin PBXVariantGroup section */
		9F16CDE71D75DC2A00FF29D0 /* MainInterface.storyboard */ = {
			isa = PBXVariantGroup;
			children = (
				9F16CDE81D75DC2A00FF29D0 /* Base */,
			);
			name = MainInterface.storyboard;
			sourceTree = "<group>";
		};
		9F1759511BFA67E400BAC8EE /* Main.storyboard */ = {
			isa = PBXVariantGroup;
			children = (
				9F1759521BFA67E400BAC8EE /* Base */,
			);
			name = Main.storyboard;
			sourceTree = "<group>";
		};
		9F1759591BFA67E400BAC8EE /* LaunchScreen.storyboard */ = {
			isa = PBXVariantGroup;
			children = (
				9F17595A1BFA67E400BAC8EE /* Base */,
			);
			name = LaunchScreen.storyboard;
			sourceTree = "<group>";
		};
/* End PBXVariantGroup section */

/* Begin XCBuildConfiguration section */
		9F16CDEE1D75DC2A00FF29D0 /* Debug */ = {
			isa = XCBuildConfiguration;
			buildSettings = {
				CLANG_ANALYZER_NONNULL = YES;
				CODE_SIGN_ENTITLEMENTS = CleanUrLungsTodayView/CleanUrLungsTodayView.entitlements;
				CODE_SIGN_IDENTITY = "iPhone Developer";
				"CODE_SIGN_IDENTITY[sdk=iphoneos*]" = "iPhone Developer";
				INFOPLIST_FILE = CleanUrLungsTodayView/Info.plist;
				IPHONEOS_DEPLOYMENT_TARGET = 9.3;
				LD_RUNPATH_SEARCH_PATHS = "$(inherited) @executable_path/Frameworks @executable_path/../../Frameworks";
				PRODUCT_BUNDLE_IDENTIFIER = com.tom.CleanUrLungs.CleanUrLungsTodayView;
				PRODUCT_NAME = "$(TARGET_NAME)";
				SKIP_INSTALL = YES;
				SWIFT_OPTIMIZATION_LEVEL = "-Onone";
				SWIFT_VERSION = 3.0;
			};
			name = Debug;
		};
		9F16CDEF1D75DC2A00FF29D0 /* Release */ = {
			isa = XCBuildConfiguration;
			buildSettings = {
				CLANG_ANALYZER_NONNULL = YES;
				CODE_SIGN_ENTITLEMENTS = CleanUrLungsTodayView/CleanUrLungsTodayView.entitlements;
				CODE_SIGN_IDENTITY = "iPhone Developer";
				"CODE_SIGN_IDENTITY[sdk=iphoneos*]" = "iPhone Developer";
				INFOPLIST_FILE = CleanUrLungsTodayView/Info.plist;
				IPHONEOS_DEPLOYMENT_TARGET = 9.3;
				LD_RUNPATH_SEARCH_PATHS = "$(inherited) @executable_path/Frameworks @executable_path/../../Frameworks";
				PRODUCT_BUNDLE_IDENTIFIER = com.tom.CleanUrLungs.CleanUrLungsTodayView;
				PRODUCT_NAME = "$(TARGET_NAME)";
				SKIP_INSTALL = YES;
				SWIFT_VERSION = 3.0;
			};
			name = Release;
		};
		9F1759731BFA67E400BAC8EE /* Debug */ = {
			isa = XCBuildConfiguration;
			buildSettings = {
				ALWAYS_SEARCH_USER_PATHS = NO;
				CLANG_CXX_LANGUAGE_STANDARD = "gnu++0x";
				CLANG_CXX_LIBRARY = "libc++";
				CLANG_ENABLE_MODULES = YES;
				CLANG_ENABLE_OBJC_ARC = YES;
				CLANG_WARN_BOOL_CONVERSION = YES;
				CLANG_WARN_CONSTANT_CONVERSION = YES;
				CLANG_WARN_DIRECT_OBJC_ISA_USAGE = YES_ERROR;
				CLANG_WARN_EMPTY_BODY = YES;
				CLANG_WARN_ENUM_CONVERSION = YES;
				CLANG_WARN_INFINITE_RECURSION = YES;
				CLANG_WARN_INT_CONVERSION = YES;
				CLANG_WARN_OBJC_ROOT_CLASS = YES_ERROR;
				CLANG_WARN_SUSPICIOUS_MOVE = YES;
				CLANG_WARN_UNREACHABLE_CODE = YES;
				CLANG_WARN__DUPLICATE_METHOD_MATCH = YES;
				"CODE_SIGN_IDENTITY[sdk=iphoneos*]" = "iPhone Developer";
				COPY_PHASE_STRIP = NO;
				DEBUG_INFORMATION_FORMAT = dwarf;
				ENABLE_STRICT_OBJC_MSGSEND = YES;
				ENABLE_TESTABILITY = YES;
				GCC_C_LANGUAGE_STANDARD = gnu99;
				GCC_DYNAMIC_NO_PIC = NO;
				GCC_NO_COMMON_BLOCKS = YES;
				GCC_OPTIMIZATION_LEVEL = 0;
				GCC_PREPROCESSOR_DEFINITIONS = (
					"DEBUG=1",
					"$(inherited)",
				);
				GCC_WARN_64_TO_32_BIT_CONVERSION = YES;
				GCC_WARN_ABOUT_RETURN_TYPE = YES_ERROR;
				GCC_WARN_UNDECLARED_SELECTOR = YES;
				GCC_WARN_UNINITIALIZED_AUTOS = YES_AGGRESSIVE;
				GCC_WARN_UNUSED_FUNCTION = YES;
				GCC_WARN_UNUSED_VARIABLE = YES;
				IPHONEOS_DEPLOYMENT_TARGET = 9.1;
				MTL_ENABLE_DEBUG_INFO = YES;
				ONLY_ACTIVE_ARCH = YES;
				SDKROOT = iphoneos;
			};
			name = Debug;
		};
		9F1759741BFA67E400BAC8EE /* Release */ = {
			isa = XCBuildConfiguration;
			buildSettings = {
				ALWAYS_SEARCH_USER_PATHS = NO;
				CLANG_CXX_LANGUAGE_STANDARD = "gnu++0x";
				CLANG_CXX_LIBRARY = "libc++";
				CLANG_ENABLE_MODULES = YES;
				CLANG_ENABLE_OBJC_ARC = YES;
				CLANG_WARN_BOOL_CONVERSION = YES;
				CLANG_WARN_CONSTANT_CONVERSION = YES;
				CLANG_WARN_DIRECT_OBJC_ISA_USAGE = YES_ERROR;
				CLANG_WARN_EMPTY_BODY = YES;
				CLANG_WARN_ENUM_CONVERSION = YES;
				CLANG_WARN_INFINITE_RECURSION = YES;
				CLANG_WARN_INT_CONVERSION = YES;
				CLANG_WARN_OBJC_ROOT_CLASS = YES_ERROR;
				CLANG_WARN_SUSPICIOUS_MOVE = YES;
				CLANG_WARN_UNREACHABLE_CODE = YES;
				CLANG_WARN__DUPLICATE_METHOD_MATCH = YES;
				"CODE_SIGN_IDENTITY[sdk=iphoneos*]" = "iPhone Developer";
				COPY_PHASE_STRIP = NO;
				DEBUG_INFORMATION_FORMAT = "dwarf-with-dsym";
				ENABLE_NS_ASSERTIONS = NO;
				ENABLE_STRICT_OBJC_MSGSEND = YES;
				GCC_C_LANGUAGE_STANDARD = gnu99;
				GCC_NO_COMMON_BLOCKS = YES;
				GCC_WARN_64_TO_32_BIT_CONVERSION = YES;
				GCC_WARN_ABOUT_RETURN_TYPE = YES_ERROR;
				GCC_WARN_UNDECLARED_SELECTOR = YES;
				GCC_WARN_UNINITIALIZED_AUTOS = YES_AGGRESSIVE;
				GCC_WARN_UNUSED_FUNCTION = YES;
				GCC_WARN_UNUSED_VARIABLE = YES;
				IPHONEOS_DEPLOYMENT_TARGET = 9.1;
				MTL_ENABLE_DEBUG_INFO = NO;
				SDKROOT = iphoneos;
				SWIFT_OPTIMIZATION_LEVEL = "-Owholemodule";
				VALIDATE_PRODUCT = YES;
			};
			name = Release;
		};
		9F1759761BFA67E400BAC8EE /* Debug */ = {
			isa = XCBuildConfiguration;
			baseConfigurationReference = 82AA8896B5144253291B0359 /* Pods-CleanUrLungs.debug.xcconfig */;
			buildSettings = {
				ALWAYS_EMBED_SWIFT_STANDARD_LIBRARIES = YES;
				ASSETCATALOG_COMPILER_APPICON_NAME = AppIcon;
				CODE_SIGN_ENTITLEMENTS = CleanUrLungs/CleanUrLungs.entitlements;
				CODE_SIGN_IDENTITY = "iPhone Developer";
				"CODE_SIGN_IDENTITY[sdk=iphoneos*]" = "iPhone Developer";
				INFOPLIST_FILE = CleanUrLungs/Info.plist;
				LD_RUNPATH_SEARCH_PATHS = "$(inherited) @executable_path/Frameworks";
				PRODUCT_BUNDLE_IDENTIFIER = com.tom.CleanUrLungs;
				PRODUCT_NAME = "$(TARGET_NAME)";
				PROVISIONING_PROFILE = "";
				SWIFT_VERSION = 3.0;
			};
			name = Debug;
		};
		9F1759771BFA67E400BAC8EE /* Release */ = {
			isa = XCBuildConfiguration;
			baseConfigurationReference = 488BD529CF2FC56C6915B094 /* Pods-CleanUrLungs.release.xcconfig */;
			buildSettings = {
				ALWAYS_EMBED_SWIFT_STANDARD_LIBRARIES = YES;
				ASSETCATALOG_COMPILER_APPICON_NAME = AppIcon;
				CODE_SIGN_ENTITLEMENTS = CleanUrLungs/CleanUrLungs.entitlements;
				CODE_SIGN_IDENTITY = "iPhone Developer";
				"CODE_SIGN_IDENTITY[sdk=iphoneos*]" = "iPhone Developer";
				INFOPLIST_FILE = CleanUrLungs/Info.plist;
				LD_RUNPATH_SEARCH_PATHS = "$(inherited) @executable_path/Frameworks";
				PRODUCT_BUNDLE_IDENTIFIER = com.tom.CleanUrLungs;
				PRODUCT_NAME = "$(TARGET_NAME)";
				PROVISIONING_PROFILE = "";
				SWIFT_VERSION = 3.0;
			};
			name = Release;
		};
		9F1759791BFA67E400BAC8EE /* Debug */ = {
			isa = XCBuildConfiguration;
			buildSettings = {
				BUNDLE_LOADER = "$(TEST_HOST)";
				INFOPLIST_FILE = CleanUrLungsTests/Info.plist;
				LD_RUNPATH_SEARCH_PATHS = "$(inherited) @executable_path/Frameworks @loader_path/Frameworks";
				PRODUCT_BUNDLE_IDENTIFIER = self.edu.tom.CleanUrLungsTests;
				PRODUCT_NAME = "$(TARGET_NAME)";
				TEST_HOST = "$(BUILT_PRODUCTS_DIR)/CleanUrLungs.app/CleanUrLungs";
			};
			name = Debug;
		};
		9F17597A1BFA67E400BAC8EE /* Release */ = {
			isa = XCBuildConfiguration;
			buildSettings = {
				BUNDLE_LOADER = "$(TEST_HOST)";
				INFOPLIST_FILE = CleanUrLungsTests/Info.plist;
				LD_RUNPATH_SEARCH_PATHS = "$(inherited) @executable_path/Frameworks @loader_path/Frameworks";
				PRODUCT_BUNDLE_IDENTIFIER = self.edu.tom.CleanUrLungsTests;
				PRODUCT_NAME = "$(TARGET_NAME)";
				TEST_HOST = "$(BUILT_PRODUCTS_DIR)/CleanUrLungs.app/CleanUrLungs";
			};
			name = Release;
		};
		9F17597C1BFA67E400BAC8EE /* Debug */ = {
			isa = XCBuildConfiguration;
			buildSettings = {
				INFOPLIST_FILE = CleanUrLungsUITests/Info.plist;
				LD_RUNPATH_SEARCH_PATHS = "$(inherited) @executable_path/Frameworks @loader_path/Frameworks";
				PRODUCT_BUNDLE_IDENTIFIER = self.edu.tom.CleanUrLungsUITests;
				PRODUCT_NAME = "$(TARGET_NAME)";
				TEST_TARGET_NAME = CleanUrLungs;
				USES_XCTRUNNER = YES;
			};
			name = Debug;
		};
		9F17597D1BFA67E400BAC8EE /* Release */ = {
			isa = XCBuildConfiguration;
			buildSettings = {
				INFOPLIST_FILE = CleanUrLungsUITests/Info.plist;
				LD_RUNPATH_SEARCH_PATHS = "$(inherited) @executable_path/Frameworks @loader_path/Frameworks";
				PRODUCT_BUNDLE_IDENTIFIER = self.edu.tom.CleanUrLungsUITests;
				PRODUCT_NAME = "$(TARGET_NAME)";
				TEST_TARGET_NAME = CleanUrLungs;
				USES_XCTRUNNER = YES;
			};
			name = Release;
		};
/* End XCBuildConfiguration section */

/* Begin XCConfigurationList section */
		9F16CDF01D75DC2A00FF29D0 /* Build configuration list for PBXNativeTarget "CleanUrLungsTodayView" */ = {
			isa = XCConfigurationList;
			buildConfigurations = (
				9F16CDEE1D75DC2A00FF29D0 /* Debug */,
				9F16CDEF1D75DC2A00FF29D0 /* Release */,
			);
			defaultConfigurationIsVisible = 0;
			defaultConfigurationName = Release;
		};
		9F1759401BFA67E400BAC8EE /* Build configuration list for PBXProject "CleanUrLungs" */ = {
			isa = XCConfigurationList;
			buildConfigurations = (
				9F1759731BFA67E400BAC8EE /* Debug */,
				9F1759741BFA67E400BAC8EE /* Release */,
			);
			defaultConfigurationIsVisible = 0;
			defaultConfigurationName = Release;
		};
		9F1759751BFA67E400BAC8EE /* Build configuration list for PBXNativeTarget "CleanUrLungs" */ = {
			isa = XCConfigurationList;
			buildConfigurations = (
				9F1759761BFA67E400BAC8EE /* Debug */,
				9F1759771BFA67E400BAC8EE /* Release */,
			);
			defaultConfigurationIsVisible = 0;
			defaultConfigurationName = Release;
		};
		9F1759781BFA67E400BAC8EE /* Build configuration list for PBXNativeTarget "CleanUrLungsTests" */ = {
			isa = XCConfigurationList;
			buildConfigurations = (
				9F1759791BFA67E400BAC8EE /* Debug */,
				9F17597A1BFA67E400BAC8EE /* Release */,
			);
			defaultConfigurationIsVisible = 0;
			defaultConfigurationName = Release;
		};
		9F17597B1BFA67E400BAC8EE /* Build configuration list for PBXNativeTarget "CleanUrLungsUITests" */ = {
			isa = XCConfigurationList;
			buildConfigurations = (
				9F17597C1BFA67E400BAC8EE /* Debug */,
				9F17597D1BFA67E400BAC8EE /* Release */,
			);
			defaultConfigurationIsVisible = 0;
			defaultConfigurationName = Release;
		};
/* End XCConfigurationList section */

/* Begin XCVersionGroup section */
		9F1759541BFA67E400BAC8EE /* CleanUrLungs.xcdatamodeld */ = {
			isa = XCVersionGroup;
			children = (
				9F1759551BFA67E400BAC8EE /* CleanUrLungs.xcdatamodel */,
			);
			currentVersion = 9F1759551BFA67E400BAC8EE /* CleanUrLungs.xcdatamodel */;
			path = CleanUrLungs.xcdatamodeld;
			sourceTree = "<group>";
			versionGroupType = wrapper.xcdatamodel;
		};
/* End XCVersionGroup section */
	};
	rootObject = 9F17593D1BFA67E400BAC8EE /* Project object */;
}
